
Microsoft Visual Studio Solution File, Format Version 12.00
# Visual Studio Version 16
VisualStudioVersion = 16.0.29709.97
MinimumVisualStudioVersion = 10.0.40219.1
Project("{FAE04EC0-301F-11D3-BF4B-00C04F79EFBC}") = "IComparerAndIComparable", "IComparerAndIComparable\IComparerAndIComparable.csproj", "{FB8158ED-CFC5-47D9-BA84-AADF04A6D4EB}"
EndProject
Project("{FAE04EC0-301F-11D3-BF4B-00C04F79EFBC}") = "IEnumerableAndIENumerator", "IEnumerableAndIENumerator\IEnumerableAndIENumerator.csproj", "{4ACEAF40-FB6A-441F-A711-9D363F6E0E6B}"
EndProject
Project("{FAE04EC0-301F-11D3-BF4B-00C04F79EFBC}") = "IEquatableDemo", "IEquatableDemo\IEquatableDemo.csproj", "{FDF806C1-9E69-4D72-B3BF-177E77FC1C73}"
EndProject
Global
	GlobalSection(SolutionConfigurationPlatforms) = preSolution
		Debug|Any CPU = Debug|Any CPU
		Release|Any CPU = Release|Any CPU
	EndGlobalSection
	GlobalSection(ProjectConfigurationPlatforms) = postSolution
		{FB8158ED-CFC5-47D9-BA84-AADF04A6D4EB}.Debug|Any CPU.ActiveCfg = Debug|Any CPU
		{FB8158ED-CFC5-47D9-BA84-AADF04A6D4EB}.Debug|Any CPU.Build.0 = Debug|Any CPU
		{FB8158ED-CFC5-47D9-BA84-AADF04A6D4EB}.Release|Any CPU.ActiveCfg = Release|Any CPU
		{FB8158ED-CFC5-47D9-BA84-AADF04A6D4EB}.Release|Any CPU.Build.0 = Release|Any CPU
		{4ACEAF40-FB6A-441F-A711-9D363F6E0E6B}.Debug|Any CPU.ActiveCfg = Debug|Any CPU
		{4ACEAF40-FB6A-441F-A711-9D363F6E0E6B}.Debug|Any CPU.Build.0 = Debug|Any CPU
		{4ACEAF40-FB6A-441F-A711-9D363F6E0E6B}.Release|Any CPU.ActiveCfg = Release|Any CPU
		{4ACEAF40-FB6A-441F-A711-9D363F6E0E6B}.Release|Any CPU.Build.0 = Release|Any CPU
		{FDF806C1-9E69-4D72-B3BF-177E77FC1C73}.Debug|Any CPU.ActiveCfg = Debug|Any CPU
		{FDF806C1-9E69-4D72-B3BF-177E77FC1C73}.Debug|Any CPU.Build.0 = Debug|Any CPU
		{FDF806C1-9E69-4D72-B3BF-177E77FC1C73}.Release|Any CPU.ActiveCfg = Release|Any CPU
		{FDF806C1-9E69-4D72-B3BF-177E77FC1C73}.Release|Any CPU.Build.0 = Release|Any CPU
	EndGlobalSection
	GlobalSection(SolutionProperties) = preSolution
		HideSolutionNode = FALSE
	EndGlobalSection
	GlobalSection(ExtensibilityGlobals) = postSolution
		SolutionGuid = {F52E4441-2644-4A5D-B3A6-FF1EA5295296}
	EndGlobalSection
EndGlobal
