
Microsoft Visual Studio Solution File, Format Version 12.00
# Visual Studio Version 16
VisualStudioVersion = 16.0.29709.97
MinimumVisualStudioVersion = 10.0.40219.1
Project("{FAE04EC0-301F-11D3-BF4B-00C04F79EFBC}") = "Collections", "AllCollectionsTypes\Collections.csproj", "{785BC266-4B44-4FE9-9219-04E1FAAACC76}"
EndProject
Project("{FAE04EC0-301F-11D3-BF4B-00C04F79EFBC}") = "Generic", "Generic\Generic.csproj", "{BC308CD6-4824-4AE7-847B-858780DEBEA8}"
EndProject
Project("{FAE04EC0-301F-11D3-BF4B-00C04F79EFBC}") = "Concurrent", "Concurrent\Concurrent.csproj", "{F4F84499-C26F-47DC-95C0-A1D0A4F9C8AA}"
EndProject
Project("{FAE04EC0-301F-11D3-BF4B-00C04F79EFBC}") = "Specialized", "Specialized\Specialized.csproj", "{A275123F-D6C0-4699-92D5-341CF492A4AF}"
EndProject
Project("{FAE04EC0-301F-11D3-BF4B-00C04F79EFBC}") = "ObjectModel", "ObjectModel\ObjectModel.csproj", "{D9997E85-2F9C-4455-A507-C5A57D3B9259}"
EndProject
Global
	GlobalSection(SolutionConfigurationPlatforms) = preSolution
		Debug|Any CPU = Debug|Any CPU
		Release|Any CPU = Release|Any CPU
	EndGlobalSection
	GlobalSection(ProjectConfigurationPlatforms) = postSolution
		{785BC266-4B44-4FE9-9219-04E1FAAACC76}.Debug|Any CPU.ActiveCfg = Debug|Any CPU
		{785BC266-4B44-4FE9-9219-04E1FAAACC76}.Debug|Any CPU.Build.0 = Debug|Any CPU
		{785BC266-4B44-4FE9-9219-04E1FAAACC76}.Release|Any CPU.ActiveCfg = Release|Any CPU
		{785BC266-4B44-4FE9-9219-04E1FAAACC76}.Release|Any CPU.Build.0 = Release|Any CPU
		{BC308CD6-4824-4AE7-847B-858780DEBEA8}.Debug|Any CPU.ActiveCfg = Debug|Any CPU
		{BC308CD6-4824-4AE7-847B-858780DEBEA8}.Debug|Any CPU.Build.0 = Debug|Any CPU
		{BC308CD6-4824-4AE7-847B-858780DEBEA8}.Release|Any CPU.ActiveCfg = Release|Any CPU
		{BC308CD6-4824-4AE7-847B-858780DEBEA8}.Release|Any CPU.Build.0 = Release|Any CPU
		{F4F84499-C26F-47DC-95C0-A1D0A4F9C8AA}.Debug|Any CPU.ActiveCfg = Debug|Any CPU
		{F4F84499-C26F-47DC-95C0-A1D0A4F9C8AA}.Debug|Any CPU.Build.0 = Debug|Any CPU
		{F4F84499-C26F-47DC-95C0-A1D0A4F9C8AA}.Release|Any CPU.ActiveCfg = Release|Any CPU
		{F4F84499-C26F-47DC-95C0-A1D0A4F9C8AA}.Release|Any CPU.Build.0 = Release|Any CPU
		{A275123F-D6C0-4699-92D5-341CF492A4AF}.Debug|Any CPU.ActiveCfg = Debug|Any CPU
		{A275123F-D6C0-4699-92D5-341CF492A4AF}.Debug|Any CPU.Build.0 = Debug|Any CPU
		{A275123F-D6C0-4699-92D5-341CF492A4AF}.Release|Any CPU.ActiveCfg = Release|Any CPU
		{A275123F-D6C0-4699-92D5-341CF492A4AF}.Release|Any CPU.Build.0 = Release|Any CPU
		{D9997E85-2F9C-4455-A507-C5A57D3B9259}.Debug|Any CPU.ActiveCfg = Debug|Any CPU
		{D9997E85-2F9C-4455-A507-C5A57D3B9259}.Debug|Any CPU.Build.0 = Debug|Any CPU
		{D9997E85-2F9C-4455-A507-C5A57D3B9259}.Release|Any CPU.ActiveCfg = Release|Any CPU
		{D9997E85-2F9C-4455-A507-C5A57D3B9259}.Release|Any CPU.Build.0 = Release|Any CPU
	EndGlobalSection
	GlobalSection(SolutionProperties) = preSolution
		HideSolutionNode = FALSE
	EndGlobalSection
	GlobalSection(ExtensibilityGlobals) = postSolution
		SolutionGuid = {DFD9A425-E1EF-4ACA-9A2E-5FC613EAE7E7}
	EndGlobalSection
EndGlobal
