
Microsoft Visual Studio Solution File, Format Version 12.00
# Visual Studio Version 16
VisualStudioVersion = 16.0.29709.97
MinimumVisualStudioVersion = 10.0.40219.1
Project("{FAE04EC0-301F-11D3-BF4B-00C04F79EFBC}") = "RegistrationPageDemoMVC", "RegistrationPageDemoMVC\RegistrationPageDemoMVC.csproj", "{CA847CDE-C9DD-4328-8D60-FBED89EF6E47}"
EndProject
Global
	GlobalSection(SolutionConfigurationPlatforms) = preSolution
		Debug|Any CPU = Debug|Any CPU
		Release|Any CPU = Release|Any CPU
	EndGlobalSection
	GlobalSection(ProjectConfigurationPlatforms) = postSolution
		{CA847CDE-C9DD-4328-8D60-FBED89EF6E47}.Debug|Any CPU.ActiveCfg = Debug|Any CPU
		{CA847CDE-C9DD-4328-8D60-FBED89EF6E47}.Debug|Any CPU.Build.0 = Debug|Any CPU
		{CA847CDE-C9DD-4328-8D60-FBED89EF6E47}.Release|Any CPU.ActiveCfg = Release|Any CPU
		{CA847CDE-C9DD-4328-8D60-FBED89EF6E47}.Release|Any CPU.Build.0 = Release|Any CPU
	EndGlobalSection
	GlobalSection(SolutionProperties) = preSolution
		HideSolutionNode = FALSE
	EndGlobalSection
	GlobalSection(ExtensibilityGlobals) = postSolution
		SolutionGuid = {36D3195C-70D2-4DB3-A29E-51A02540D56B}
	EndGlobalSection
EndGlobal
