
Microsoft Visual Studio Solution File, Format Version 12.00
# Visual Studio Version 16
VisualStudioVersion = 16.0.29709.97
MinimumVisualStudioVersion = 10.0.40219.1
Project("{FAE04EC0-301F-11D3-BF4B-00C04F79EFBC}") = "Log4NetDemo", "Log4NetDemo\Log4NetDemo.csproj", "{F7F05ABF-DF3D-4200-A9D0-CE3C134E72D4}"
EndProject
Global
	GlobalSection(SolutionConfigurationPlatforms) = preSolution
		Debug|Any CPU = Debug|Any CPU
		Release|Any CPU = Release|Any CPU
	EndGlobalSection
	GlobalSection(ProjectConfigurationPlatforms) = postSolution
		{F7F05ABF-DF3D-4200-A9D0-CE3C134E72D4}.Debug|Any CPU.ActiveCfg = Debug|Any CPU
		{F7F05ABF-DF3D-4200-A9D0-CE3C134E72D4}.Debug|Any CPU.Build.0 = Debug|Any CPU
		{F7F05ABF-DF3D-4200-A9D0-CE3C134E72D4}.Release|Any CPU.ActiveCfg = Release|Any CPU
		{F7F05ABF-DF3D-4200-A9D0-CE3C134E72D4}.Release|Any CPU.Build.0 = Release|Any CPU
	EndGlobalSection
	GlobalSection(SolutionProperties) = preSolution
		HideSolutionNode = FALSE
	EndGlobalSection
	GlobalSection(ExtensibilityGlobals) = postSolution
		SolutionGuid = {B886960A-4E89-4143-A91F-AF6BB8A21141}
	EndGlobalSection
EndGlobal
